
Microsoft Visual Studio Solution File, Format Version 12.00
# Visual Studio 15
VisualStudioVersion = 15.0.26730.12
MinimumVisualStudioVersion = 10.0.40219.1
Project("{FAE04EC0-301F-11D3-BF4B-00C04F79EFBC}") = "ImageSplitter", "ImageSplitter\ImageSplitter.csproj", "{FBFEAEBE-6002-48BB-8F54-660D7B372410}"
EndProject
Project("{FAE04EC0-301F-11D3-BF4B-00C04F79EFBC}") = "ImageResizer", "ImageResizer\ImageResizer.csproj", "{248E6F08-86E1-46B5-9134-B8D16D7E151F}"
EndProject
Project("{FAE04EC0-301F-11D3-BF4B-00C04F79EFBC}") = "MosaicCreator", "MosaicCreator\MosaicCreator.csproj", "{CECE5879-3EBC-44A6-91A6-D8177CF63935}"
EndProject
Global
	GlobalSection(SolutionConfigurationPlatforms) = preSolution
		Debug|Any CPU = Debug|Any CPU
		Release|Any CPU = Release|Any CPU
	EndGlobalSection
	GlobalSection(ProjectConfigurationPlatforms) = postSolution
		{FBFEAEBE-6002-48BB-8F54-660D7B372410}.Debug|Any CPU.ActiveCfg = Debug|Any CPU
		{FBFEAEBE-6002-48BB-8F54-660D7B372410}.Debug|Any CPU.Build.0 = Debug|Any CPU
		{FBFEAEBE-6002-48BB-8F54-660D7B372410}.Release|Any CPU.ActiveCfg = Release|Any CPU
		{FBFEAEBE-6002-48BB-8F54-660D7B372410}.Release|Any CPU.Build.0 = Release|Any CPU
		{248E6F08-86E1-46B5-9134-B8D16D7E151F}.Debug|Any CPU.ActiveCfg = Debug|Any CPU
		{248E6F08-86E1-46B5-9134-B8D16D7E151F}.Debug|Any CPU.Build.0 = Debug|Any CPU
		{248E6F08-86E1-46B5-9134-B8D16D7E151F}.Release|Any CPU.ActiveCfg = Release|Any CPU
		{248E6F08-86E1-46B5-9134-B8D16D7E151F}.Release|Any CPU.Build.0 = Release|Any CPU
		{CECE5879-3EBC-44A6-91A6-D8177CF63935}.Debug|Any CPU.ActiveCfg = Debug|Any CPU
		{CECE5879-3EBC-44A6-91A6-D8177CF63935}.Debug|Any CPU.Build.0 = Debug|Any CPU
		{CECE5879-3EBC-44A6-91A6-D8177CF63935}.Release|Any CPU.ActiveCfg = Release|Any CPU
		{CECE5879-3EBC-44A6-91A6-D8177CF63935}.Release|Any CPU.Build.0 = Release|Any CPU
	EndGlobalSection
	GlobalSection(SolutionProperties) = preSolution
		HideSolutionNode = FALSE
	EndGlobalSection
	GlobalSection(ExtensibilityGlobals) = postSolution
		SolutionGuid = {6737A611-FAC9-40DC-84FD-2C171B5506F4}
	EndGlobalSection
EndGlobal
